// !$*UTF8*$!
{
	archiveVersion = 1;
	classes = {
	};
	objectVersion = 51;
	objects = {

/* Begin PBXBuildFile section */
		6044D18EE28CDF9D52E55B0C /* Pods_VirtualServersMaps.framework in Frameworks */ = {isa = PBXBuildFile; fileRef = 3B625D7FB07B9C1FB58EC7FD /* Pods_VirtualServersMaps.framework */; };
		D9482D452371892E0015B918 /* AppDelegate.swift in Sources */ = {isa = PBXBuildFile; fileRef = D9482D442371892E0015B918 /* AppDelegate.swift */; };
		D9482D472371892E0015B918 /* SceneDelegate.swift in Sources */ = {isa = PBXBuildFile; fileRef = D9482D462371892E0015B918 /* SceneDelegate.swift */; };
		D9482D492371892E0015B918 /* ViewController.swift in Sources */ = {isa = PBXBuildFile; fileRef = D9482D482371892E0015B918 /* ViewController.swift */; };
		D9482D4C2371892E0015B918 /* Main.storyboard in Resources */ = {isa = PBXBuildFile; fileRef = D9482D4A2371892E0015B918 /* Main.storyboard */; };
		D9482D4E237189340015B918 /* Assets.xcassets in Resources */ = {isa = PBXBuildFile; fileRef = D9482D4D237189340015B918 /* Assets.xcassets */; };
		D9482D51237189340015B918 /* LaunchScreen.storyboard in Resources */ = {isa = PBXBuildFile; fileRef = D9482D4F237189340015B918 /* LaunchScreen.storyboard */; };
		D953083C2378576A00CE562C /* DataBase.swift in Sources */ = {isa = PBXBuildFile; fileRef = D953083B2378576A00CE562C /* DataBase.swift */; };
		D9A15F5F23796D2800687EB0 /* GreenIcon.xib in Resources */ = {isa = PBXBuildFile; fileRef = D9A15F5E23796D2800687EB0 /* GreenIcon.xib */; };
		D9A15F6123796E1F00687EB0 /* GreenIcon.swift in Sources */ = {isa = PBXBuildFile; fileRef = D9A15F6023796E1F00687EB0 /* GreenIcon.swift */; };
/* End PBXBuildFile section */

/* Begin PBXFileReference section */
		21CF1023C3E778A30DD01B67 /* Pods-VirtualServersMaps.release.xcconfig */ = {isa = PBXFileReference; includeInIndex = 1; lastKnownFileType = text.xcconfig; name = "Pods-VirtualServersMaps.release.xcconfig"; path = "Target Support Files/Pods-VirtualServersMaps/Pods-VirtualServersMaps.release.xcconfig"; sourceTree = "<group>"; };
		3B625D7FB07B9C1FB58EC7FD /* Pods_VirtualServersMaps.framework */ = {isa = PBXFileReference; explicitFileType = wrapper.framework; includeInIndex = 0; path = Pods_VirtualServersMaps.framework; sourceTree = BUILT_PRODUCTS_DIR; };
		976A5422DBD202892D630BF3 /* Pods-VirtualServersMaps.debug.xcconfig */ = {isa = PBXFileReference; includeInIndex = 1; lastKnownFileType = text.xcconfig; name = "Pods-VirtualServersMaps.debug.xcconfig"; path = "Target Support Files/Pods-VirtualServersMaps/Pods-VirtualServersMaps.debug.xcconfig"; sourceTree = "<group>"; };
		D9482D412371892E0015B918 /* VirtualServersMaps.app */ = {isa = PBXFileReference; explicitFileType = wrapper.application; includeInIndex = 0; path = VirtualServersMaps.app; sourceTree = BUILT_PRODUCTS_DIR; };
		D9482D442371892E0015B918 /* AppDelegate.swift */ = {isa = PBXFileReference; lastKnownFileType = sourcecode.swift; path = AppDelegate.swift; sourceTree = "<group>"; };
		D9482D462371892E0015B918 /* SceneDelegate.swift */ = {isa = PBXFileReference; lastKnownFileType = sourcecode.swift; path = SceneDelegate.swift; sourceTree = "<group>"; };
		D9482D482371892E0015B918 /* ViewController.swift */ = {isa = PBXFileReference; lastKnownFileType = sourcecode.swift; path = ViewController.swift; sourceTree = "<group>"; };
		D9482D4B2371892E0015B918 /* Base */ = {isa = PBXFileReference; lastKnownFileType = file.storyboard; name = Base; path = Base.lproj/Main.storyboard; sourceTree = "<group>"; };
		D9482D4D237189340015B918 /* Assets.xcassets */ = {isa = PBXFileReference; lastKnownFileType = folder.assetcatalog; path = Assets.xcassets; sourceTree = "<group>"; };
		D9482D50237189340015B918 /* Base */ = {isa = PBXFileReference; lastKnownFileType = file.storyboard; name = Base; path = Base.lproj/LaunchScreen.storyboard; sourceTree = "<group>"; };
		D9482D52237189340015B918 /* Info.plist */ = {isa = PBXFileReference; lastKnownFileType = text.plist.xml; path = Info.plist; sourceTree = "<group>"; };
		D953083B2378576A00CE562C /* DataBase.swift */ = {isa = PBXFileReference; lastKnownFileType = sourcecode.swift; path = DataBase.swift; sourceTree = "<group>"; };
		D9A15F5E23796D2800687EB0 /* GreenIcon.xib */ = {isa = PBXFileReference; lastKnownFileType = file.xib; path = GreenIcon.xib; sourceTree = "<group>"; };
		D9A15F6023796E1F00687EB0 /* GreenIcon.swift */ = {isa = PBXFileReference; lastKnownFileType = sourcecode.swift; path = GreenIcon.swift; sourceTree = "<group>"; };
/* End PBXFileReference section */

/* Begin PBXFrameworksBuildPhase section */
		D9482D3E2371892E0015B918 /* Frameworks */ = {
			isa = PBXFrameworksBuildPhase;
			buildActionMask = 2147483647;
			files = (
				6044D18EE28CDF9D52E55B0C /* Pods_VirtualServersMaps.framework in Frameworks */,
			);
			runOnlyForDeploymentPostprocessing = 0;
		};
/* End PBXFrameworksBuildPhase section */

/* Begin PBXGroup section */
		0ECD00CEADAF5FE51B18CF05 /* Pods */ = {
			isa = PBXGroup;
			children = (
				976A5422DBD202892D630BF3 /* Pods-VirtualServersMaps.debug.xcconfig */,
				21CF1023C3E778A30DD01B67 /* Pods-VirtualServersMaps.release.xcconfig */,
			);
			path = Pods;
			sourceTree = "<group>";
		};
		2FCD0FE16EB4CFD72F6684B8 /* Frameworks */ = {
			isa = PBXGroup;
			children = (
				3B625D7FB07B9C1FB58EC7FD /* Pods_VirtualServersMaps.framework */,
			);
			name = Frameworks;
			sourceTree = "<group>";
		};
		D9482D382371892E0015B918 = {
			isa = PBXGroup;
			children = (
				D9482D432371892E0015B918 /* VirtualServersMaps */,
				D9482D422371892E0015B918 /* Products */,
				0ECD00CEADAF5FE51B18CF05 /* Pods */,
				2FCD0FE16EB4CFD72F6684B8 /* Frameworks */,
			);
			sourceTree = "<group>";
		};
		D9482D422371892E0015B918 /* Products */ = {
			isa = PBXGroup;
			children = (
				D9482D412371892E0015B918 /* VirtualServersMaps.app */,
			);
			name = Products;
			sourceTree = "<group>";
		};
		D9482D432371892E0015B918 /* VirtualServersMaps */ = {
			isa = PBXGroup;
			children = (
				D9482D5E23730C740015B918 /* Model */,
				D9482D5D23730C660015B918 /* View */,
				D9482D5C23730C5A0015B918 /* Presenter */,
				D9482D442371892E0015B918 /* AppDelegate.swift */,
				D9482D462371892E0015B918 /* SceneDelegate.swift */,
				D9482D4D237189340015B918 /* Assets.xcassets */,
				D9482D4F237189340015B918 /* LaunchScreen.storyboard */,
				D9482D52237189340015B918 /* Info.plist */,
			);
			path = VirtualServersMaps;
			sourceTree = "<group>";
		};
		D9482D5C23730C5A0015B918 /* Presenter */ = {
			isa = PBXGroup;
			children = (
			);
			path = Presenter;
			sourceTree = "<group>";
		};
		D9482D5D23730C660015B918 /* View */ = {
			isa = PBXGroup;
			children = (
				D9482D4A2371892E0015B918 /* Main.storyboard */,
				D9A15F5E23796D2800687EB0 /* GreenIcon.xib */,
			);
			path = View;
			sourceTree = "<group>";
		};
		D9482D5E23730C740015B918 /* Model */ = {
			isa = PBXGroup;
			children = (
				D9482D482371892E0015B918 /* ViewController.swift */,
				D953083B2378576A00CE562C /* DataBase.swift */,
				D9A15F6023796E1F00687EB0 /* GreenIcon.swift */,
			);
			path = Model;
			sourceTree = "<group>";
		};
/* End PBXGroup section */

/* Begin PBXNativeTarget section */
		D9482D402371892E0015B918 /* VirtualServersMaps */ = {
			isa = PBXNativeTarget;
			buildConfigurationList = D9482D55237189340015B918 /* Build configuration list for PBXNativeTarget "VirtualServersMaps" */;
			buildPhases = (
				8986EE65979B8A3B460FEC6E /* [CP] Check Pods Manifest.lock */,
				D9482D3D2371892E0015B918 /* Sources */,
				D9482D3E2371892E0015B918 /* Frameworks */,
				D9482D3F2371892E0015B918 /* Resources */,
				862FF0850E187949434C6336 /* [CP] Copy Pods Resources */,
			);
			buildRules = (
			);
			dependencies = (
			);
			name = VirtualServersMaps;
			productName = VirtualServersMaps;
			productReference = D9482D412371892E0015B918 /* VirtualServersMaps.app */;
			productType = "com.apple.product-type.application";
		};
/* End PBXNativeTarget section */

/* Begin PBXProject section */
		D9482D392371892E0015B918 /* Project object */ = {
			isa = PBXProject;
			attributes = {
				LastSwiftUpdateCheck = 1120;
				LastUpgradeCheck = 1120;
				ORGANIZATIONNAME = Mohamed;
				TargetAttributes = {
					D9482D402371892E0015B918 = {
						CreatedOnToolsVersion = 11.2;
					};
				};
			};
			buildConfigurationList = D9482D3C2371892E0015B918 /* Build configuration list for PBXProject "VirtualServersMaps" */;
			compatibilityVersion = "Xcode 9.3";
			developmentRegion = en;
			hasScannedForEncodings = 0;
			knownRegions = (
				en,
				Base,
			);
			mainGroup = D9482D382371892E0015B918;
			productRefGroup = D9482D422371892E0015B918 /* Products */;
			projectDirPath = "";
			projectRoot = "";
			targets = (
				D9482D402371892E0015B918 /* VirtualServersMaps */,
			);
		};
/* End PBXProject section */

/* Begin PBXResourcesBuildPhase section */
		D9482D3F2371892E0015B918 /* Resources */ = {
			isa = PBXResourcesBuildPhase;
			buildActionMask = 2147483647;
			files = (
				D9482D51237189340015B918 /* LaunchScreen.storyboard in Resources */,
				D9482D4E237189340015B918 /* Assets.xcassets in Resources */,
				D9A15F5F23796D2800687EB0 /* GreenIcon.xib in Resources */,
				D9482D4C2371892E0015B918 /* Main.storyboard in Resources */,
			);
			runOnlyForDeploymentPostprocessing = 0;
		};
/* End PBXResourcesBuildPhase section */

/* Begin PBXShellScriptBuildPhase section */
		862FF0850E187949434C6336 /* [CP] Copy Pods Resources */ = {
			isa = PBXShellScriptBuildPhase;
			buildActionMask = 2147483647;
			files = (
			);
			inputFileListPaths = (
				"${PODS_ROOT}/Target Support Files/Pods-VirtualServersMaps/Pods-VirtualServersMaps-resources-${CONFIGURATION}-input-files.xcfilelist",
			);
			name = "[CP] Copy Pods Resources";
			outputFileListPaths = (
				"${PODS_ROOT}/Target Support Files/Pods-VirtualServersMaps/Pods-VirtualServersMaps-resources-${CONFIGURATION}-output-files.xcfilelist",
			);
			runOnlyForDeploymentPostprocessing = 0;
			shellPath = /bin/sh;
			shellScript = "\"${PODS_ROOT}/Target Support Files/Pods-VirtualServersMaps/Pods-VirtualServersMaps-resources.sh\"\n";
			showEnvVarsInLog = 0;
		};
		8986EE65979B8A3B460FEC6E /* [CP] Check Pods Manifest.lock */ = {
			isa = PBXShellScriptBuildPhase;
			buildActionMask = 2147483647;
			files = (
			);
			inputFileListPaths = (
			);
			inputPaths = (
				"${PODS_PODFILE_DIR_PATH}/Podfile.lock",
				"${PODS_ROOT}/Manifest.lock",
			);
			name = "[CP] Check Pods Manifest.lock";
			outputFileListPaths = (
			);
			outputPaths = (
				"$(DERIVED_FILE_DIR)/Pods-VirtualServersMaps-checkManifestLockResult.txt",
			);
			runOnlyForDeploymentPostprocessing = 0;
			shellPath = /bin/sh;
			shellScript = "diff \"${PODS_PODFILE_DIR_PATH}/Podfile.lock\" \"${PODS_ROOT}/Manifest.lock\" > /dev/null\nif [ $? != 0 ] ; then\n    # print error to STDERR\n    echo \"error: The sandbox is not in sync with the Podfile.lock. Run 'pod install' or update your CocoaPods installation.\" >&2\n    exit 1\nfi\n# This output is used by Xcode 'outputs' to avoid re-running this script phase.\necho \"SUCCESS\" > \"${SCRIPT_OUTPUT_FILE_0}\"\n";
			showEnvVarsInLog = 0;
		};
/* End PBXShellScriptBuildPhase section */

/* Begin PBXSourcesBuildPhase section */
		D9482D3D2371892E0015B918 /* Sources */ = {
			isa = PBXSourcesBuildPhase;
			buildActionMask = 2147483647;
			files = (
				D9482D492371892E0015B918 /* ViewController.swift in Sources */,
				D9482D452371892E0015B918 /* AppDelegate.swift in Sources */,
				D9A15F6123796E1F00687EB0 /* GreenIcon.swift in Sources */,
				D953083C2378576A00CE562C /* DataBase.swift in Sources */,
				D9482D472371892E0015B918 /* SceneDelegate.swift in Sources */,
			);
			runOnlyForDeploymentPostprocessing = 0;
		};
/* End PBXSourcesBuildPhase section */

/* Begin PBXVariantGroup section */
		D9482D4A2371892E0015B918 /* Main.storyboard */ = {
			isa = PBXVariantGroup;
			children = (
				D9482D4B2371892E0015B918 /* Base */,
			);
			name = Main.storyboard;
			sourceTree = "<group>";
		};
		D9482D4F237189340015B918 /* LaunchScreen.storyboard */ = {
			isa = PBXVariantGroup;
			children = (
				D9482D50237189340015B918 /* Base */,
			);
			name = LaunchScreen.storyboard;
			sourceTree = "<group>";
		};
/* End PBXVariantGroup section */

/* Begin XCBuildConfiguration section */
		D9482D53237189340015B918 /* Debug */ = {
			isa = XCBuildConfiguration;
			buildSettings = {
				ALWAYS_SEARCH_USER_PATHS = NO;
				CLANG_ANALYZER_NONNULL = YES;
				CLANG_ANALYZER_NUMBER_OBJECT_CONVERSION = YES_AGGRESSIVE;
				CLANG_CXX_LANGUAGE_STANDARD = "gnu++14";
				CLANG_CXX_LIBRARY = "libc++";
				CLANG_ENABLE_MODULES = YES;
				CLANG_ENABLE_OBJC_ARC = YES;
				CLANG_ENABLE_OBJC_WEAK = YES;
				CLANG_WARN_BLOCK_CAPTURE_AUTORELEASING = YES;
				CLANG_WARN_BOOL_CONVERSION = YES;
				CLANG_WARN_COMMA = YES;
				CLANG_WARN_CONSTANT_CONVERSION = YES;
				CLANG_WARN_DEPRECATED_OBJC_IMPLEMENTATIONS = YES;
				CLANG_WARN_DIRECT_OBJC_ISA_USAGE = YES_ERROR;
				CLANG_WARN_DOCUMENTATION_COMMENTS = YES;
				CLANG_WARN_EMPTY_BODY = YES;
				CLANG_WARN_ENUM_CONVERSION = YES;
				CLANG_WARN_INFINITE_RECURSION = YES;
				CLANG_WARN_INT_CONVERSION = YES;
				CLANG_WARN_NON_LITERAL_NULL_CONVERSION = YES;
				CLANG_WARN_OBJC_IMPLICIT_RETAIN_SELF = YES;
				CLANG_WARN_OBJC_LITERAL_CONVERSION = YES;
				CLANG_WARN_OBJC_ROOT_CLASS = YES_ERROR;
				CLANG_WARN_RANGE_LOOP_ANALYSIS = YES;
				CLANG_WARN_STRICT_PROTOTYPES = YES;
				CLANG_WARN_SUSPICIOUS_MOVE = YES;
				CLANG_WARN_UNGUARDED_AVAILABILITY = YES_AGGRESSIVE;
				CLANG_WARN_UNREACHABLE_CODE = YES;
				CLANG_WARN__DUPLICATE_METHOD_MATCH = YES;
				COPY_PHASE_STRIP = NO;
				DEBUG_INFORMATION_FORMAT = dwarf;
				ENABLE_STRICT_OBJC_MSGSEND = YES;
				ENABLE_TESTABILITY = YES;
				GCC_C_LANGUAGE_STANDARD = gnu11;
				GCC_DYNAMIC_NO_PIC = NO;
				GCC_NO_COMMON_BLOCKS = YES;
				GCC_OPTIMIZATION_LEVEL = 0;
				GCC_PREPROCESSOR_DEFINITIONS = (
					"DEBUG=1",
					"$(inherited)",
				);
				GCC_WARN_64_TO_32_BIT_CONVERSION = YES;
				GCC_WARN_ABOUT_RETURN_TYPE = YES_ERROR;
				GCC_WARN_UNDECLARED_SELECTOR = YES;
				GCC_WARN_UNINITIALIZED_AUTOS = YES_AGGRESSIVE;
				GCC_WARN_UNUSED_FUNCTION = YES;
				GCC_WARN_UNUSED_VARIABLE = YES;
				IPHONEOS_DEPLOYMENT_TARGET = 13.2;
				MTL_ENABLE_DEBUG_INFO = INCLUDE_SOURCE;
				MTL_FAST_MATH = YES;
				ONLY_ACTIVE_ARCH = YES;
				SDKROOT = iphoneos;
				SWIFT_ACTIVE_COMPILATION_CONDITIONS = DEBUG;
				SWIFT_OPTIMIZATION_LEVEL = "-Onone";
			};
			name = Debug;
		};
		D9482D54237189340015B918 /* Release */ = {
			isa = XCBuildConfiguration;
			buildSettings = {
				ALWAYS_SEARCH_USER_PATHS = NO;
				CLANG_ANALYZER_NONNULL = YES;
				CLANG_ANALYZER_NUMBER_OBJECT_CONVERSION = YES_AGGRESSIVE;
				CLANG_CXX_LANGUAGE_STANDARD = "gnu++14";
				CLANG_CXX_LIBRARY = "libc++";
				CLANG_ENABLE_MODULES = YES;
				CLANG_ENABLE_OBJC_ARC = YES;
				CLANG_ENABLE_OBJC_WEAK = YES;
				CLANG_WARN_BLOCK_CAPTURE_AUTORELEASING = YES;
				CLANG_WARN_BOOL_CONVERSION = YES;
				CLANG_WARN_COMMA = YES;
				CLANG_WARN_CONSTANT_CONVERSION = YES;
				CLANG_WARN_DEPRECATED_OBJC_IMPLEMENTATIONS = YES;
				CLANG_WARN_DIRECT_OBJC_ISA_USAGE = YES_ERROR;
				CLANG_WARN_DOCUMENTATION_COMMENTS = YES;
				CLANG_WARN_EMPTY_BODY = YES;
				CLANG_WARN_ENUM_CONVERSION = YES;
				CLANG_WARN_INFINITE_RECURSION = YES;
				CLANG_WARN_INT_CONVERSION = YES;
				CLANG_WARN_NON_LITERAL_NULL_CONVERSION = YES;
				CLANG_WARN_OBJC_IMPLICIT_RETAIN_SELF = YES;
				CLANG_WARN_OBJC_LITERAL_CONVERSION = YES;
				CLANG_WARN_OBJC_ROOT_CLASS = YES_ERROR;
				CLANG_WARN_RANGE_LOOP_ANALYSIS = YES;
				CLANG_WARN_STRICT_PROTOTYPES = YES;
				CLANG_WARN_SUSPICIOUS_MOVE = YES;
				CLANG_WARN_UNGUARDED_AVAILABILITY = YES_AGGRESSIVE;
				CLANG_WARN_UNREACHABLE_CODE = YES;
				CLANG_WARN__DUPLICATE_METHOD_MATCH = YES;
				COPY_PHASE_STRIP = NO;
				DEBUG_INFORMATION_FORMAT = "dwarf-with-dsym";
				ENABLE_NS_ASSERTIONS = NO;
				ENABLE_STRICT_OBJC_MSGSEND = YES;
				GCC_C_LANGUAGE_STANDARD = gnu11;
				GCC_NO_COMMON_BLOCKS = YES;
				GCC_WARN_64_TO_32_BIT_CONVERSION = YES;
				GCC_WARN_ABOUT_RETURN_TYPE = YES_ERROR;
				GCC_WARN_UNDECLARED_SELECTOR = YES;
				GCC_WARN_UNINITIALIZED_AUTOS = YES_AGGRESSIVE;
				GCC_WARN_UNUSED_FUNCTION = YES;
				GCC_WARN_UNUSED_VARIABLE = YES;
				IPHONEOS_DEPLOYMENT_TARGET = 13.2;
				MTL_ENABLE_DEBUG_INFO = NO;
				MTL_FAST_MATH = YES;
				SDKROOT = iphoneos;
				SWIFT_COMPILATION_MODE = wholemodule;
				SWIFT_OPTIMIZATION_LEVEL = "-O";
				VALIDATE_PRODUCT = YES;
			};
			name = Release;
		};
		D9482D56237189340015B918 /* Debug */ = {
			isa = XCBuildConfiguration;
			baseConfigurationReference = 976A5422DBD202892D630BF3 /* Pods-VirtualServersMaps.debug.xcconfig */;
			buildSettings = {
				ASSETCATALOG_COMPILER_APPICON_NAME = AppIcon;
				CODE_SIGN_STYLE = Automatic;
				INFOPLIST_FILE = VirtualServersMaps/Info.plist;
				LD_RUNPATH_SEARCH_PATHS = (
					"$(inherited)",
					"@executable_path/Frameworks",
				);
				PRODUCT_BUNDLE_IDENTIFIER = mohammad.VirtualServersMaps;
				PRODUCT_NAME = "$(TARGET_NAME)";
				SWIFT_VERSION = 5.0;
				TARGETED_DEVICE_FAMILY = "1,2";
			};
			name = Debug;
		};
		D9482D57237189340015B918 /* Release */ = {
			isa = XCBuildConfiguration;
			baseConfigurationReference = 21CF1023C3E778A30DD01B67 /* Pods-VirtualServersMaps.release.xcconfig */;
			buildSettings = {
				ASSETCATALOG_COMPILER_APPICON_NAME = AppIcon;
				CODE_SIGN_STYLE = Automatic;
				INFOPLIST_FILE = VirtualServersMaps/Info.plist;
				LD_RUNPATH_SEARCH_PATHS = (
					"$(inherited)",
					"@executable_path/Frameworks",
				);
				PRODUCT_BUNDLE_IDENTIFIER = mohammad.VirtualServersMaps;
				PRODUCT_NAME = "$(TARGET_NAME)";
				SWIFT_VERSION = 5.0;
				TARGETED_DEVICE_FAMILY = "1,2";
			};
			name = Release;
		};
/* End XCBuildConfiguration section */

/* Begin XCConfigurationList section */
		D9482D3C2371892E0015B918 /* Build configuration list for PBXProject "VirtualServersMaps" */ = {
			isa = XCConfigurationList;
			buildConfigurations = (
				D9482D53237189340015B918 /* Debug */,
				D9482D54237189340015B918 /* Release */,
			);
			defaultConfigurationIsVisible = 0;
			defaultConfigurationName = Release;
		};
		D9482D55237189340015B918 /* Build configuration list for PBXNativeTarget "VirtualServersMaps" */ = {
			isa = XCConfigurationList;
			buildConfigurations = (
				D9482D56237189340015B918 /* Debug */,
				D9482D57237189340015B918 /* Release */,
			);
			defaultConfigurationIsVisible = 0;
			defaultConfigurationName = Release;
		};
/* End XCConfigurationList section */
	};
	rootObject = D9482D392371892E0015B918 /* Project object */;
}
